// !$*UTF8*$!
{
	archiveVersion = 1;
	classes = {
	};
	objectVersion = 46;
	objects = {

/* Begin PBXBuildFile section */
		4D120B8E221C84C0DD5895A5 /* Pods_TodoList.framework in Frameworks */ = {isa = PBXBuildFile; fileRef = C1EB14034D3DCB48191FEABD /* Pods_TodoList.framework */; };
		A44B28F21E750A4B0068BCB8 /* TodoItemListViewModel.swift in Sources */ = {isa = PBXBuildFile; fileRef = A44B28F11E750A4B0068BCB8 /* TodoItemListViewModel.swift */; };
		A44B28F41E750BD20068BCB8 /* NewTodoItemFormViewModel.swift in Sources */ = {isa = PBXBuildFile; fileRef = A44B28F31E750BD20068BCB8 /* NewTodoItemFormViewModel.swift */; };
		A44B28F61E750D3A0068BCB8 /* ApplicationModel.swift in Sources */ = {isa = PBXBuildFile; fileRef = A44B28F51E750D3A0068BCB8 /* ApplicationModel.swift */; };
		A44B28FA1E7514670068BCB8 /* NewTodoItemFormViewModel_specs.swift in Sources */ = {isa = PBXBuildFile; fileRef = A44B28F91E7514670068BCB8 /* NewTodoItemFormViewModel_specs.swift */; };
		A44B28FC1E7517180068BCB8 /* RelayCommand.swift in Sources */ = {isa = PBXBuildFile; fileRef = A44B28FB1E7517180068BCB8 /* RelayCommand.swift */; };
		A44B28FE1E751A2B0068BCB8 /* RelayCommand_specs.swift in Sources */ = {isa = PBXBuildFile; fileRef = A44B28FD1E751A2B0068BCB8 /* RelayCommand_specs.swift */; };
		A44E807E1E744A8D00E41C77 /* TodoItemViewModel.swift in Sources */ = {isa = PBXBuildFile; fileRef = A44E807D1E744A8D00E41C77 /* TodoItemViewModel.swift */; };
		A44E80801E7472A900E41C77 /* ObservableCollection.swift in Sources */ = {isa = PBXBuildFile; fileRef = A44E807F1E7472A900E41C77 /* ObservableCollection.swift */; };
		A44E80821E74F8CE00E41C77 /* ObservableCollection_specs.swift in Sources */ = {isa = PBXBuildFile; fileRef = A44E80811E74F8CE00E41C77 /* ObservableCollection_specs.swift */; };
		A49242C81E75513800BBEA4E /* ViewModelLocator.swift in Sources */ = {isa = PBXBuildFile; fileRef = A49242C71E75513800BBEA4E /* ViewModelLocator.swift */; };
		A4B90BDB1E754AAD00297ED2 /* TodoItemListViewController.swift in Sources */ = {isa = PBXBuildFile; fileRef = A4B90BDA1E754AAD00297ED2 /* TodoItemListViewController.swift */; };
		A4C5033E1E741BA200E1F149 /* AppDelegate.swift in Sources */ = {isa = PBXBuildFile; fileRef = A4C5033D1E741BA200E1F149 /* AppDelegate.swift */; };
		A4C503451E741BA200E1F149 /* Main.storyboard in Resources */ = {isa = PBXBuildFile; fileRef = A4C503431E741BA200E1F149 /* Main.storyboard */; };
		A4C503471E741BA200E1F149 /* Assets.xcassets in Resources */ = {isa = PBXBuildFile; fileRef = A4C503461E741BA200E1F149 /* Assets.xcassets */; };
		A4C5034A1E741BA200E1F149 /* LaunchScreen.storyboard in Resources */ = {isa = PBXBuildFile; fileRef = A4C503481E741BA200E1F149 /* LaunchScreen.storyboard */; };
		A4C503551E741BA200E1F149 /* TodoItemViewModel_specs.swift in Sources */ = {isa = PBXBuildFile; fileRef = A4C503541E741BA200E1F149 /* TodoItemViewModel_specs.swift */; };
		A4C503601E741BA200E1F149 /* TodoListUITests.swift in Sources */ = {isa = PBXBuildFile; fileRef = A4C5035F1E741BA200E1F149 /* TodoListUITests.swift */; };
		A4FCD0E81E7552F700D14BBD /* NewTodoItemFormViewController.swift in Sources */ = {isa = PBXBuildFile; fileRef = A4FCD0E71E7552F700D14BBD /* NewTodoItemFormViewController.swift */; };
		C1A79D4A86CB57BE764BD8C5 /* Pods_TodoListTests.framework in Frameworks */ = {isa = PBXBuildFile; fileRef = F4DC58928149C92522442E0F /* Pods_TodoListTests.framework */; };
		D170125F063A0BF80174D16F /* Pods_TodoListUITests.framework in Frameworks */ = {isa = PBXBuildFile; fileRef = 24914B092EA65AADC9E21E9F /* Pods_TodoListUITests.framework */; };
/* End PBXBuildFile section */

/* Begin PBXContainerItemProxy section */
		A4C503511E741BA200E1F149 /* PBXContainerItemProxy */ = {
			isa = PBXContainerItemProxy;
			containerPortal = A4C503321E741BA200E1F149 /* Project object */;
			proxyType = 1;
			remoteGlobalIDString = A4C503391E741BA200E1F149;
			remoteInfo = TodoList;
		};
		A4C5035C1E741BA200E1F149 /* PBXContainerItemProxy */ = {
			isa = PBXContainerItemProxy;
			containerPortal = A4C503321E741BA200E1F149 /* Project object */;
			proxyType = 1;
			remoteGlobalIDString = A4C503391E741BA200E1F149;
			remoteInfo = TodoList;
		};
/* End PBXContainerItemProxy section */

/* Begin PBXFileReference section */
		1F05CF88C2D4591B3EA080E1 /* Pods-TodoListUITests.release.xcconfig */ = {isa = PBXFileReference; includeInIndex = 1; lastKnownFileType = text.xcconfig; name = "Pods-TodoListUITests.release.xcconfig"; path = "Pods/Target Support Files/Pods-TodoListUITests/Pods-TodoListUITests.release.xcconfig"; sourceTree = "<group>"; };
		24914B092EA65AADC9E21E9F /* Pods_TodoListUITests.framework */ = {isa = PBXFileReference; explicitFileType = wrapper.framework; includeInIndex = 0; path = Pods_TodoListUITests.framework; sourceTree = BUILT_PRODUCTS_DIR; };
		2D797FAE6A9956E1441B2798 /* Pods-TodoListTests.release.xcconfig */ = {isa = PBXFileReference; includeInIndex = 1; lastKnownFileType = text.xcconfig; name = "Pods-TodoListTests.release.xcconfig"; path = "Pods/Target Support Files/Pods-TodoListTests/Pods-TodoListTests.release.xcconfig"; sourceTree = "<group>"; };
		2FEF863441818AD5AA859010 /* Pods-TodoListTests.debug.xcconfig */ = {isa = PBXFileReference; includeInIndex = 1; lastKnownFileType = text.xcconfig; name = "Pods-TodoListTests.debug.xcconfig"; path = "Pods/Target Support Files/Pods-TodoListTests/Pods-TodoListTests.debug.xcconfig"; sourceTree = "<group>"; };
		488EE22E135075977EA2DFA9 /* Pods-TodoList.debug.xcconfig */ = {isa = PBXFileReference; includeInIndex = 1; lastKnownFileType = text.xcconfig; name = "Pods-TodoList.debug.xcconfig"; path = "Pods/Target Support Files/Pods-TodoList/Pods-TodoList.debug.xcconfig"; sourceTree = "<group>"; };
		60A34AB7D1FE4AD58CA37B25 /* Pods-TodoList.release.xcconfig */ = {isa = PBXFileReference; includeInIndex = 1; lastKnownFileType = text.xcconfig; name = "Pods-TodoList.release.xcconfig"; path = "Pods/Target Support Files/Pods-TodoList/Pods-TodoList.release.xcconfig"; sourceTree = "<group>"; };
		A44B28F11E750A4B0068BCB8 /* TodoItemListViewModel.swift */ = {isa = PBXFileReference; fileEncoding = 4; lastKnownFileType = sourcecode.swift; path = TodoItemListViewModel.swift; sourceTree = "<group>"; };
		A44B28F31E750BD20068BCB8 /* NewTodoItemFormViewModel.swift */ = {isa = PBXFileReference; fileEncoding = 4; lastKnownFileType = sourcecode.swift; path = NewTodoItemFormViewModel.swift; sourceTree = "<group>"; };
		A44B28F51E750D3A0068BCB8 /* ApplicationModel.swift */ = {isa = PBXFileReference; fileEncoding = 4; lastKnownFileType = sourcecode.swift; path = ApplicationModel.swift; sourceTree = "<group>"; };
		A44B28F91E7514670068BCB8 /* NewTodoItemFormViewModel_specs.swift */ = {isa = PBXFileReference; fileEncoding = 4; lastKnownFileType = sourcecode.swift; path = NewTodoItemFormViewModel_specs.swift; sourceTree = "<group>"; };
		A44B28FB1E7517180068BCB8 /* RelayCommand.swift */ = {isa = PBXFileReference; fileEncoding = 4; lastKnownFileType = sourcecode.swift; path = RelayCommand.swift; sourceTree = "<group>"; };
		A44B28FD1E751A2B0068BCB8 /* RelayCommand_specs.swift */ = {isa = PBXFileReference; fileEncoding = 4; lastKnownFileType = sourcecode.swift; path = RelayCommand_specs.swift; sourceTree = "<group>"; };
		A44E807D1E744A8D00E41C77 /* TodoItemViewModel.swift */ = {isa = PBXFileReference; fileEncoding = 4; lastKnownFileType = sourcecode.swift; path = TodoItemViewModel.swift; sourceTree = "<group>"; };
		A44E807F1E7472A900E41C77 /* ObservableCollection.swift */ = {isa = PBXFileReference; fileEncoding = 4; lastKnownFileType = sourcecode.swift; path = ObservableCollection.swift; sourceTree = "<group>"; };
		A44E80811E74F8CE00E41C77 /* ObservableCollection_specs.swift */ = {isa = PBXFileReference; fileEncoding = 4; lastKnownFileType = sourcecode.swift; path = ObservableCollection_specs.swift; sourceTree = "<group>"; };
		A49242C71E75513800BBEA4E /* ViewModelLocator.swift */ = {isa = PBXFileReference; fileEncoding = 4; lastKnownFileType = sourcecode.swift; path = ViewModelLocator.swift; sourceTree = "<group>"; };
		A4B90BDA1E754AAD00297ED2 /* TodoItemListViewController.swift */ = {isa = PBXFileReference; fileEncoding = 4; lastKnownFileType = sourcecode.swift; path = TodoItemListViewController.swift; sourceTree = "<group>"; };
		A4C5033A1E741BA200E1F149 /* TodoList.app */ = {isa = PBXFileReference; explicitFileType = wrapper.application; includeInIndex = 0; path = TodoList.app; sourceTree = BUILT_PRODUCTS_DIR; };
		A4C5033D1E741BA200E1F149 /* AppDelegate.swift */ = {isa = PBXFileReference; lastKnownFileType = sourcecode.swift; path = AppDelegate.swift; sourceTree = "<group>"; };
		A4C503441E741BA200E1F149 /* Base */ = {isa = PBXFileReference; lastKnownFileType = file.storyboard; name = Base; path = Base.lproj/Main.storyboard; sourceTree = "<group>"; };
		A4C503461E741BA200E1F149 /* Assets.xcassets */ = {isa = PBXFileReference; lastKnownFileType = folder.assetcatalog; path = Assets.xcassets; sourceTree = "<group>"; };
		A4C503491E741BA200E1F149 /* Base */ = {isa = PBXFileReference; lastKnownFileType = file.storyboard; name = Base; path = Base.lproj/LaunchScreen.storyboard; sourceTree = "<group>"; };
		A4C5034B1E741BA200E1F149 /* Info.plist */ = {isa = PBXFileReference; lastKnownFileType = text.plist.xml; path = Info.plist; sourceTree = "<group>"; };
		A4C503501E741BA200E1F149 /* TodoListTests.xctest */ = {isa = PBXFileReference; explicitFileType = wrapper.cfbundle; includeInIndex = 0; path = TodoListTests.xctest; sourceTree = BUILT_PRODUCTS_DIR; };
		A4C503541E741BA200E1F149 /* TodoItemViewModel_specs.swift */ = {isa = PBXFileReference; lastKnownFileType = sourcecode.swift; path = TodoItemViewModel_specs.swift; sourceTree = "<group>"; };
		A4C503561E741BA200E1F149 /* Info.plist */ = {isa = PBXFileReference; lastKnownFileType = text.plist.xml; path = Info.plist; sourceTree = "<group>"; };
		A4C5035B1E741BA200E1F149 /* TodoListUITests.xctest */ = {isa = PBXFileReference; explicitFileType = wrapper.cfbundle; includeInIndex = 0; path = TodoListUITests.xctest; sourceTree = BUILT_PRODUCTS_DIR; };
		A4C5035F1E741BA200E1F149 /* TodoListUITests.swift */ = {isa = PBXFileReference; lastKnownFileType = sourcecode.swift; path = TodoListUITests.swift; sourceTree = "<group>"; };
		A4C503611E741BA200E1F149 /* Info.plist */ = {isa = PBXFileReference; lastKnownFileType = text.plist.xml; path = Info.plist; sourceTree = "<group>"; };
		A4FCD0E71E7552F700D14BBD /* NewTodoItemFormViewController.swift */ = {isa = PBXFileReference; fileEncoding = 4; lastKnownFileType = sourcecode.swift; path = NewTodoItemFormViewController.swift; sourceTree = "<group>"; };
		C1EB14034D3DCB48191FEABD /* Pods_TodoList.framework */ = {isa = PBXFileReference; explicitFileType = wrapper.framework; includeInIndex = 0; path = Pods_TodoList.framework; sourceTree = BUILT_PRODUCTS_DIR; };
		D59ADD2DB44AE377C68590B3 /* Pods-TodoListUITests.debug.xcconfig */ = {isa = PBXFileReference; includeInIndex = 1; lastKnownFileType = text.xcconfig; name = "Pods-TodoListUITests.debug.xcconfig"; path = "Pods/Target Support Files/Pods-TodoListUITests/Pods-TodoListUITests.debug.xcconfig"; sourceTree = "<group>"; };
		F4DC58928149C92522442E0F /* Pods_TodoListTests.framework */ = {isa = PBXFileReference; explicitFileType = wrapper.framework; includeInIndex = 0; path = Pods_TodoListTests.framework; sourceTree = BUILT_PRODUCTS_DIR; };
/* End PBXFileReference section */

/* Begin PBXFrameworksBuildPhase section */
		A4C503371E741BA200E1F149 /* Frameworks */ = {
			isa = PBXFrameworksBuildPhase;
			buildActionMask = 2147483647;
			files = (
				4D120B8E221C84C0DD5895A5 /* Pods_TodoList.framework in Frameworks */,
			);
			runOnlyForDeploymentPostprocessing = 0;
		};
		A4C5034D1E741BA200E1F149 /* Frameworks */ = {
			isa = PBXFrameworksBuildPhase;
			buildActionMask = 2147483647;
			files = (
				C1A79D4A86CB57BE764BD8C5 /* Pods_TodoListTests.framework in Frameworks */,
			);
			runOnlyForDeploymentPostprocessing = 0;
		};
		A4C503581E741BA200E1F149 /* Frameworks */ = {
			isa = PBXFrameworksBuildPhase;
			buildActionMask = 2147483647;
			files = (
				D170125F063A0BF80174D16F /* Pods_TodoListUITests.framework in Frameworks */,
			);
			runOnlyForDeploymentPostprocessing = 0;
		};
/* End PBXFrameworksBuildPhase section */

/* Begin PBXGroup section */
		A45895ED1E75A465007E211D /* ViewModels */ = {
			isa = PBXGroup;
			children = (
				A44E807D1E744A8D00E41C77 /* TodoItemViewModel.swift */,
				A44B28F11E750A4B0068BCB8 /* TodoItemListViewModel.swift */,
				A44B28F31E750BD20068BCB8 /* NewTodoItemFormViewModel.swift */,
				A44B28F51E750D3A0068BCB8 /* ApplicationModel.swift */,
				A49242C71E75513800BBEA4E /* ViewModelLocator.swift */,
			);
			name = ViewModels;
			sourceTree = "<group>";
		};
		A45895EE1E75A480007E211D /* Views */ = {
			isa = PBXGroup;
			children = (
				A4C503431E741BA200E1F149 /* Main.storyboard */,
				A4B90BDA1E754AAD00297ED2 /* TodoItemListViewController.swift */,
				A4FCD0E71E7552F700D14BBD /* NewTodoItemFormViewController.swift */,
			);
			name = Views;
			sourceTree = "<group>";
		};
		A45895EF1E75A4AD007E211D /* MVVM */ = {
			isa = PBXGroup;
			children = (
				A44E807F1E7472A900E41C77 /* ObservableCollection.swift */,
				A44B28FB1E7517180068BCB8 /* RelayCommand.swift */,
			);
			name = MVVM;
			sourceTree = "<group>";
		};
		A4C503311E741BA100E1F149 = {
			isa = PBXGroup;
			children = (
				A4C5033C1E741BA200E1F149 /* TodoList */,
				A4C503531E741BA200E1F149 /* TodoListTests */,
				A4C5035E1E741BA200E1F149 /* TodoListUITests */,
				A4C5033B1E741BA200E1F149 /* Products */,
				B0FEA73660BA24B4C7621641 /* Pods */,
				D1CF3DBCC3BC34393673EFFA /* Frameworks */,
			);
			sourceTree = "<group>";
		};
		A4C5033B1E741BA200E1F149 /* Products */ = {
			isa = PBXGroup;
			children = (
				A4C5033A1E741BA200E1F149 /* TodoList.app */,
				A4C503501E741BA200E1F149 /* TodoListTests.xctest */,
				A4C5035B1E741BA200E1F149 /* TodoListUITests.xctest */,
			);
			name = Products;
			sourceTree = "<group>";
		};
		A4C5033C1E741BA200E1F149 /* TodoList */ = {
			isa = PBXGroup;
			children = (
				A45895EF1E75A4AD007E211D /* MVVM */,
				A45895ED1E75A465007E211D /* ViewModels */,
				A45895EE1E75A480007E211D /* Views */,
				A4C5033D1E741BA200E1F149 /* AppDelegate.swift */,
				A4C503461E741BA200E1F149 /* Assets.xcassets */,
				A4C503481E741BA200E1F149 /* LaunchScreen.storyboard */,
				A4C5034B1E741BA200E1F149 /* Info.plist */,
			);
			path = TodoList;
			sourceTree = "<group>";
		};
		A4C503531E741BA200E1F149 /* TodoListTests */ = {
			isa = PBXGroup;
			children = (
				A4C503541E741BA200E1F149 /* TodoItemViewModel_specs.swift */,
				A4C503561E741BA200E1F149 /* Info.plist */,
				A44E80811E74F8CE00E41C77 /* ObservableCollection_specs.swift */,
				A44B28F91E7514670068BCB8 /* NewTodoItemFormViewModel_specs.swift */,
				A44B28FD1E751A2B0068BCB8 /* RelayCommand_specs.swift */,
			);
			path = TodoListTests;
			sourceTree = "<group>";
		};
		A4C5035E1E741BA200E1F149 /* TodoListUITests */ = {
			isa = PBXGroup;
			children = (
				A4C5035F1E741BA200E1F149 /* TodoListUITests.swift */,
				A4C503611E741BA200E1F149 /* Info.plist */,
			);
			path = TodoListUITests;
			sourceTree = "<group>";
		};
		B0FEA73660BA24B4C7621641 /* Pods */ = {
			isa = PBXGroup;
			children = (
				488EE22E135075977EA2DFA9 /* Pods-TodoList.debug.xcconfig */,
				60A34AB7D1FE4AD58CA37B25 /* Pods-TodoList.release.xcconfig */,
				2FEF863441818AD5AA859010 /* Pods-TodoListTests.debug.xcconfig */,
				2D797FAE6A9956E1441B2798 /* Pods-TodoListTests.release.xcconfig */,
				D59ADD2DB44AE377C68590B3 /* Pods-TodoListUITests.debug.xcconfig */,
				1F05CF88C2D4591B3EA080E1 /* Pods-TodoListUITests.release.xcconfig */,
			);
			name = Pods;
			sourceTree = "<group>";
		};
		D1CF3DBCC3BC34393673EFFA /* Frameworks */ = {
			isa = PBXGroup;
			children = (
				C1EB14034D3DCB48191FEABD /* Pods_TodoList.framework */,
				F4DC58928149C92522442E0F /* Pods_TodoListTests.framework */,
				24914B092EA65AADC9E21E9F /* Pods_TodoListUITests.framework */,
			);
			name = Frameworks;
			sourceTree = "<group>";
		};
/* End PBXGroup section */

/* Begin PBXNativeTarget section */
		A4C503391E741BA200E1F149 /* TodoList */ = {
			isa = PBXNativeTarget;
			buildConfigurationList = A4C503641E741BA200E1F149 /* Build configuration list for PBXNativeTarget "TodoList" */;
			buildPhases = (
				8E02CC23EA78E0CFE55E68D3 /* [CP] Check Pods Manifest.lock */,
				A4C503361E741BA200E1F149 /* Sources */,
				A4C503371E741BA200E1F149 /* Frameworks */,
				A4C503381E741BA200E1F149 /* Resources */,
				987988FAC66CE0046143C4B5 /* [CP] Embed Pods Frameworks */,
				F3CEB6E21D374D5B34BA7FE1 /* [CP] Copy Pods Resources */,
			);
			buildRules = (
			);
			dependencies = (
			);
			name = TodoList;
			productName = TodoList;
			productReference = A4C5033A1E741BA200E1F149 /* TodoList.app */;
			productType = "com.apple.product-type.application";
		};
		A4C5034F1E741BA200E1F149 /* TodoListTests */ = {
			isa = PBXNativeTarget;
			buildConfigurationList = A4C503671E741BA200E1F149 /* Build configuration list for PBXNativeTarget "TodoListTests" */;
			buildPhases = (
				98DEF6571DE355A1182CFCF0 /* [CP] Check Pods Manifest.lock */,
				A4C5034C1E741BA200E1F149 /* Sources */,
				A4C5034D1E741BA200E1F149 /* Frameworks */,
				A4C5034E1E741BA200E1F149 /* Resources */,
				3A9E0B89788699E42880FA0A /* [CP] Embed Pods Frameworks */,
				824790663F7813A94E31B7BF /* [CP] Copy Pods Resources */,
			);
			buildRules = (
			);
			dependencies = (
				A4C503521E741BA200E1F149 /* PBXTargetDependency */,
			);
			name = TodoListTests;
			productName = TodoListTests;
			productReference = A4C503501E741BA200E1F149 /* TodoListTests.xctest */;
			productType = "com.apple.product-type.bundle.unit-test";
		};
		A4C5035A1E741BA200E1F149 /* TodoListUITests */ = {
			isa = PBXNativeTarget;
			buildConfigurationList = A4C5036A1E741BA200E1F149 /* Build configuration list for PBXNativeTarget "TodoListUITests" */;
			buildPhases = (
				D51D8612AEB3BFBBA05634D1 /* [CP] Check Pods Manifest.lock */,
				A4C503571E741BA200E1F149 /* Sources */,
				A4C503581E741BA200E1F149 /* Frameworks */,
				A4C503591E741BA200E1F149 /* Resources */,
				655C9AE11B49ED3A8CDBAE73 /* [CP] Embed Pods Frameworks */,
				C8B8EC5761C5D923656F00B2 /* [CP] Copy Pods Resources */,
			);
			buildRules = (
			);
			dependencies = (
				A4C5035D1E741BA200E1F149 /* PBXTargetDependency */,
			);
			name = TodoListUITests;
			productName = TodoListUITests;
			productReference = A4C5035B1E741BA200E1F149 /* TodoListUITests.xctest */;
			productType = "com.apple.product-type.bundle.ui-testing";
		};
/* End PBXNativeTarget section */

/* Begin PBXProject section */
		A4C503321E741BA200E1F149 /* Project object */ = {
			isa = PBXProject;
			attributes = {
				LastSwiftUpdateCheck = 0820;
				LastUpgradeCheck = 0820;
				ORGANIZATIONNAME = Gyuwon;
				TargetAttributes = {
					A4C503391E741BA200E1F149 = {
						CreatedOnToolsVersion = 8.2.1;
						DevelopmentTeam = 6V373BY4WV;
						ProvisioningStyle = Automatic;
					};
					A4C5034F1E741BA200E1F149 = {
						CreatedOnToolsVersion = 8.2.1;
						DevelopmentTeam = 6V373BY4WV;
						ProvisioningStyle = Automatic;
						TestTargetID = A4C503391E741BA200E1F149;
					};
					A4C5035A1E741BA200E1F149 = {
						CreatedOnToolsVersion = 8.2.1;
						DevelopmentTeam = 6V373BY4WV;
						ProvisioningStyle = Automatic;
						TestTargetID = A4C503391E741BA200E1F149;
					};
				};
			};
			buildConfigurationList = A4C503351E741BA200E1F149 /* Build configuration list for PBXProject "TodoList" */;
			compatibilityVersion = "Xcode 3.2";
			developmentRegion = English;
			hasScannedForEncodings = 0;
			knownRegions = (
				en,
				Base,
			);
			mainGroup = A4C503311E741BA100E1F149;
			productRefGroup = A4C5033B1E741BA200E1F149 /* Products */;
			projectDirPath = "";
			projectRoot = "";
			targets = (
				A4C503391E741BA200E1F149 /* TodoList */,
				A4C5034F1E741BA200E1F149 /* TodoListTests */,
				A4C5035A1E741BA200E1F149 /* TodoListUITests */,
			);
		};
/* End PBXProject section */

/* Begin PBXResourcesBuildPhase section */
		A4C503381E741BA200E1F149 /* Resources */ = {
			isa = PBXResourcesBuildPhase;
			buildActionMask = 2147483647;
			files = (
				A4C5034A1E741BA200E1F149 /* LaunchScreen.storyboard in Resources */,
				A4C503471E741BA200E1F149 /* Assets.xcassets in Resources */,
				A4C503451E741BA200E1F149 /* Main.storyboard in Resources */,
			);
			runOnlyForDeploymentPostprocessing = 0;
		};
		A4C5034E1E741BA200E1F149 /* Resources */ = {
			isa = PBXResourcesBuildPhase;
			buildActionMask = 2147483647;
			files = (
			);
			runOnlyForDeploymentPostprocessing = 0;
		};
		A4C503591E741BA200E1F149 /* Resources */ = {
			isa = PBXResourcesBuildPhase;
			buildActionMask = 2147483647;
			files = (
			);
			runOnlyForDeploymentPostprocessing = 0;
		};
/* End PBXResourcesBuildPhase section */

/* Begin PBXShellScriptBuildPhase section */
		3A9E0B89788699E42880FA0A /* [CP] Embed Pods Frameworks */ = {
			isa = PBXShellScriptBuildPhase;
			buildActionMask = 2147483647;
			files = (
			);
			inputPaths = (
			);
			name = "[CP] Embed Pods Frameworks";
			outputPaths = (
			);
			runOnlyForDeploymentPostprocessing = 0;
			shellPath = /bin/sh;
			shellScript = "\"${SRCROOT}/Pods/Target Support Files/Pods-TodoListTests/Pods-TodoListTests-frameworks.sh\"\n";
			showEnvVarsInLog = 0;
		};
		655C9AE11B49ED3A8CDBAE73 /* [CP] Embed Pods Frameworks */ = {
			isa = PBXShellScriptBuildPhase;
			buildActionMask = 2147483647;
			files = (
			);
			inputPaths = (
			);
			name = "[CP] Embed Pods Frameworks";
			outputPaths = (
			);
			runOnlyForDeploymentPostprocessing = 0;
			shellPath = /bin/sh;
			shellScript = "\"${SRCROOT}/Pods/Target Support Files/Pods-TodoListUITests/Pods-TodoListUITests-frameworks.sh\"\n";
			showEnvVarsInLog = 0;
		};
		824790663F7813A94E31B7BF /* [CP] Copy Pods Resources */ = {
			isa = PBXShellScriptBuildPhase;
			buildActionMask = 2147483647;
			files = (
			);
			inputPaths = (
			);
			name = "[CP] Copy Pods Resources";
			outputPaths = (
			);
			runOnlyForDeploymentPostprocessing = 0;
			shellPath = /bin/sh;
			shellScript = "\"${SRCROOT}/Pods/Target Support Files/Pods-TodoListTests/Pods-TodoListTests-resources.sh\"\n";
			showEnvVarsInLog = 0;
		};
		8E02CC23EA78E0CFE55E68D3 /* [CP] Check Pods Manifest.lock */ = {
			isa = PBXShellScriptBuildPhase;
			buildActionMask = 2147483647;
			files = (
			);
			inputPaths = (
			);
			name = "[CP] Check Pods Manifest.lock";
			outputPaths = (
			);
			runOnlyForDeploymentPostprocessing = 0;
			shellPath = /bin/sh;
			shellScript = "diff \"${PODS_ROOT}/../Podfile.lock\" \"${PODS_ROOT}/Manifest.lock\" > /dev/null\nif [ $? != 0 ] ; then\n    # print error to STDERR\n    echo \"error: The sandbox is not in sync with the Podfile.lock. Run 'pod install' or update your CocoaPods installation.\" >&2\n    exit 1\nfi\n";
			showEnvVarsInLog = 0;
		};
		987988FAC66CE0046143C4B5 /* [CP] Embed Pods Frameworks */ = {
			isa = PBXShellScriptBuildPhase;
			buildActionMask = 2147483647;
			files = (
			);
			inputPaths = (
			);
			name = "[CP] Embed Pods Frameworks";
			outputPaths = (
			);
			runOnlyForDeploymentPostprocessing = 0;
			shellPath = /bin/sh;
			shellScript = "\"${SRCROOT}/Pods/Target Support Files/Pods-TodoList/Pods-TodoList-frameworks.sh\"\n";
			showEnvVarsInLog = 0;
		};
		98DEF6571DE355A1182CFCF0 /* [CP] Check Pods Manifest.lock */ = {
			isa = PBXShellScriptBuildPhase;
			buildActionMask = 2147483647;
			files = (
			);
			inputPaths = (
			);
			name = "[CP] Check Pods Manifest.lock";
			outputPaths = (
			);
			runOnlyForDeploymentPostprocessing = 0;
			shellPath = /bin/sh;
			shellScript = "diff \"${PODS_ROOT}/../Podfile.lock\" \"${PODS_ROOT}/Manifest.lock\" > /dev/null\nif [ $? != 0 ] ; then\n    # print error to STDERR\n    echo \"error: The sandbox is not in sync with the Podfile.lock. Run 'pod install' or update your CocoaPods installation.\" >&2\n    exit 1\nfi\n";
			showEnvVarsInLog = 0;
		};
		C8B8EC5761C5D923656F00B2 /* [CP] Copy Pods Resources */ = {
			isa = PBXShellScriptBuildPhase;
			buildActionMask = 2147483647;
			files = (
			);
			inputPaths = (
			);
			name = "[CP] Copy Pods Resources";
			outputPaths = (
			);
			runOnlyForDeploymentPostprocessing = 0;
			shellPath = /bin/sh;
			shellScript = "\"${SRCROOT}/Pods/Target Support Files/Pods-TodoListUITests/Pods-TodoListUITests-resources.sh\"\n";
			showEnvVarsInLog = 0;
		};
		D51D8612AEB3BFBBA05634D1 /* [CP] Check Pods Manifest.lock */ = {
			isa = PBXShellScriptBuildPhase;
			buildActionMask = 2147483647;
			files = (
			);
			inputPaths = (
			);
			name = "[CP] Check Pods Manifest.lock";
			outputPaths = (
			);
			runOnlyForDeploymentPostprocessing = 0;
			shellPath = /bin/sh;
			shellScript = "diff \"${PODS_ROOT}/../Podfile.lock\" \"${PODS_ROOT}/Manifest.lock\" > /dev/null\nif [ $? != 0 ] ; then\n    # print error to STDERR\n    echo \"error: The sandbox is not in sync with the Podfile.lock. Run 'pod install' or update your CocoaPods installation.\" >&2\n    exit 1\nfi\n";
			showEnvVarsInLog = 0;
		};
		F3CEB6E21D374D5B34BA7FE1 /* [CP] Copy Pods Resources */ = {
			isa = PBXShellScriptBuildPhase;
			buildActionMask = 2147483647;
			files = (
			);
			inputPaths = (
			);
			name = "[CP] Copy Pods Resources";
			outputPaths = (
			);
			runOnlyForDeploymentPostprocessing = 0;
			shellPath = /bin/sh;
			shellScript = "\"${SRCROOT}/Pods/Target Support Files/Pods-TodoList/Pods-TodoList-resources.sh\"\n";
			showEnvVarsInLog = 0;
		};
/* End PBXShellScriptBuildPhase section */

/* Begin PBXSourcesBuildPhase section */
		A4C503361E741BA200E1F149 /* Sources */ = {
			isa = PBXSourcesBuildPhase;
			buildActionMask = 2147483647;
			files = (
				A44B28F61E750D3A0068BCB8 /* ApplicationModel.swift in Sources */,
				A44B28F41E750BD20068BCB8 /* NewTodoItemFormViewModel.swift in Sources */,
				A4FCD0E81E7552F700D14BBD /* NewTodoItemFormViewController.swift in Sources */,
				A4C5033E1E741BA200E1F149 /* AppDelegate.swift in Sources */,
				A44B28FC1E7517180068BCB8 /* RelayCommand.swift in Sources */,
				A44E80801E7472A900E41C77 /* ObservableCollection.swift in Sources */,
				A49242C81E75513800BBEA4E /* ViewModelLocator.swift in Sources */,
				A44B28F21E750A4B0068BCB8 /* TodoItemListViewModel.swift in Sources */,
				A4B90BDB1E754AAD00297ED2 /* TodoItemListViewController.swift in Sources */,
				A44E807E1E744A8D00E41C77 /* TodoItemViewModel.swift in Sources */,
			);
			runOnlyForDeploymentPostprocessing = 0;
		};
		A4C5034C1E741BA200E1F149 /* Sources */ = {
			isa = PBXSourcesBuildPhase;
			buildActionMask = 2147483647;
			files = (
				A44B28FE1E751A2B0068BCB8 /* RelayCommand_specs.swift in Sources */,
				A44B28FA1E7514670068BCB8 /* NewTodoItemFormViewModel_specs.swift in Sources */,
				A44E80821E74F8CE00E41C77 /* ObservableCollection_specs.swift in Sources */,
				A4C503551E741BA200E1F149 /* TodoItemViewModel_specs.swift in Sources */,
			);
			runOnlyForDeploymentPostprocessing = 0;
		};
		A4C503571E741BA200E1F149 /* Sources */ = {
			isa = PBXSourcesBuildPhase;
			buildActionMask = 2147483647;
			files = (
				A4C503601E741BA200E1F149 /* TodoListUITests.swift in Sources */,
			);
			runOnlyForDeploymentPostprocessing = 0;
		};
/* End PBXSourcesBuildPhase section */

/* Begin PBXTargetDependency section */
		A4C503521E741BA200E1F149 /* PBXTargetDependency */ = {
			isa = PBXTargetDependency;
			target = A4C503391E741BA200E1F149 /* TodoList */;
			targetProxy = A4C503511E741BA200E1F149 /* PBXContainerItemProxy */;
		};
		A4C5035D1E741BA200E1F149 /* PBXTargetDependency */ = {
			isa = PBXTargetDependency;
			target = A4C503391E741BA200E1F149 /* TodoList */;
			targetProxy = A4C5035C1E741BA200E1F149 /* PBXContainerItemProxy */;
		};
/* End PBXTargetDependency section */

/* Begin PBXVariantGroup section */
		A4C503431E741BA200E1F149 /* Main.storyboard */ = {
			isa = PBXVariantGroup;
			children = (
				A4C503441E741BA200E1F149 /* Base */,
			);
			name = Main.storyboard;
			sourceTree = "<group>";
		};
		A4C503481E741BA200E1F149 /* LaunchScreen.storyboard */ = {
			isa = PBXVariantGroup;
			children = (
				A4C503491E741BA200E1F149 /* Base */,
			);
			name = LaunchScreen.storyboard;
			sourceTree = "<group>";
		};
/* End PBXVariantGroup section */

/* Begin XCBuildConfiguration section */
		A4C503621E741BA200E1F149 /* Debug */ = {
			isa = XCBuildConfiguration;
			buildSettings = {
				ALWAYS_SEARCH_USER_PATHS = NO;
				CLANG_ANALYZER_NONNULL = YES;
				CLANG_CXX_LANGUAGE_STANDARD = "gnu++0x";
				CLANG_CXX_LIBRARY = "libc++";
				CLANG_ENABLE_MODULES = YES;
				CLANG_ENABLE_OBJC_ARC = YES;
				CLANG_WARN_BOOL_CONVERSION = YES;
				CLANG_WARN_CONSTANT_CONVERSION = YES;
				CLANG_WARN_DIRECT_OBJC_ISA_USAGE = YES_ERROR;
				CLANG_WARN_DOCUMENTATION_COMMENTS = YES;
				CLANG_WARN_EMPTY_BODY = YES;
				CLANG_WARN_ENUM_CONVERSION = YES;
				CLANG_WARN_INFINITE_RECURSION = YES;
				CLANG_WARN_INT_CONVERSION = YES;
				CLANG_WARN_OBJC_ROOT_CLASS = YES_ERROR;
				CLANG_WARN_SUSPICIOUS_MOVE = YES;
				CLANG_WARN_UNREACHABLE_CODE = YES;
				CLANG_WARN__DUPLICATE_METHOD_MATCH = YES;
				"CODE_SIGN_IDENTITY[sdk=iphoneos*]" = "iPhone Developer";
				COPY_PHASE_STRIP = NO;
				DEBUG_INFORMATION_FORMAT = dwarf;
				ENABLE_STRICT_OBJC_MSGSEND = YES;
				ENABLE_TESTABILITY = YES;
				GCC_C_LANGUAGE_STANDARD = gnu99;
				GCC_DYNAMIC_NO_PIC = NO;
				GCC_NO_COMMON_BLOCKS = YES;
				GCC_OPTIMIZATION_LEVEL = 0;
				GCC_PREPROCESSOR_DEFINITIONS = (
					"DEBUG=1",
					"$(inherited)",
				);
				GCC_WARN_64_TO_32_BIT_CONVERSION = YES;
				GCC_WARN_ABOUT_RETURN_TYPE = YES_ERROR;
				GCC_WARN_UNDECLARED_SELECTOR = YES;
				GCC_WARN_UNINITIALIZED_AUTOS = YES_AGGRESSIVE;
				GCC_WARN_UNUSED_FUNCTION = YES;
				GCC_WARN_UNUSED_VARIABLE = YES;
				IPHONEOS_DEPLOYMENT_TARGET = 10.2;
				MTL_ENABLE_DEBUG_INFO = YES;
				ONLY_ACTIVE_ARCH = YES;
				SDKROOT = iphoneos;
				SWIFT_ACTIVE_COMPILATION_CONDITIONS = DEBUG;
				SWIFT_OPTIMIZATION_LEVEL = "-Onone";
				TARGETED_DEVICE_FAMILY = "1,2";
			};
			name = Debug;
		};
		A4C503631E741BA200E1F149 /* Release */ = {
			isa = XCBuildConfiguration;
			buildSettings = {
				ALWAYS_SEARCH_USER_PATHS = NO;
				CLANG_ANALYZER_NONNULL = YES;
				CLANG_CXX_LANGUAGE_STANDARD = "gnu++0x";
				CLANG_CXX_LIBRARY = "libc++";
				CLANG_ENABLE_MODULES = YES;
				CLANG_ENABLE_OBJC_ARC = YES;
				CLANG_WARN_BOOL_CONVERSION = YES;
				CLANG_WARN_CONSTANT_CONVERSION = YES;
				CLANG_WARN_DIRECT_OBJC_ISA_USAGE = YES_ERROR;
				CLANG_WARN_DOCUMENTATION_COMMENTS = YES;
				CLANG_WARN_EMPTY_BODY = YES;
				CLANG_WARN_ENUM_CONVERSION = YES;
				CLANG_WARN_INFINITE_RECURSION = YES;
				CLANG_WARN_INT_CONVERSION = YES;
				CLANG_WARN_OBJC_ROOT_CLASS = YES_ERROR;
				CLANG_WARN_SUSPICIOUS_MOVE = YES;
				CLANG_WARN_UNREACHABLE_CODE = YES;
				CLANG_WARN__DUPLICATE_METHOD_MATCH = YES;
				"CODE_SIGN_IDENTITY[sdk=iphoneos*]" = "iPhone Developer";
				COPY_PHASE_STRIP = NO;
				DEBUG_INFORMATION_FORMAT = "dwarf-with-dsym";
				ENABLE_NS_ASSERTIONS = NO;
				ENABLE_STRICT_OBJC_MSGSEND = YES;
				GCC_C_LANGUAGE_STANDARD = gnu99;
				GCC_NO_COMMON_BLOCKS = YES;
				GCC_WARN_64_TO_32_BIT_CONVERSION = YES;
				GCC_WARN_ABOUT_RETURN_TYPE = YES_ERROR;
				GCC_WARN_UNDECLARED_SELECTOR = YES;
				GCC_WARN_UNINITIALIZED_AUTOS = YES_AGGRESSIVE;
				GCC_WARN_UNUSED_FUNCTION = YES;
				GCC_WARN_UNUSED_VARIABLE = YES;
				IPHONEOS_DEPLOYMENT_TARGET = 10.2;
				MTL_ENABLE_DEBUG_INFO = NO;
				SDKROOT = iphoneos;
				SWIFT_OPTIMIZATION_LEVEL = "-Owholemodule";
				TARGETED_DEVICE_FAMILY = "1,2";
				VALIDATE_PRODUCT = YES;
			};
			name = Release;
		};
		A4C503651E741BA200E1F149 /* Debug */ = {
			isa = XCBuildConfiguration;
			baseConfigurationReference = 488EE22E135075977EA2DFA9 /* Pods-TodoList.debug.xcconfig */;
			buildSettings = {
				ASSETCATALOG_COMPILER_APPICON_NAME = AppIcon;
				DEVELOPMENT_TEAM = 6V373BY4WV;
				INFOPLIST_FILE = TodoList/Info.plist;
				LD_RUNPATH_SEARCH_PATHS = "$(inherited) @executable_path/Frameworks";
				PRODUCT_BUNDLE_IDENTIFIER = gyuwon.TodoList;
				PRODUCT_NAME = "$(TARGET_NAME)";
				SWIFT_VERSION = 3.0;
			};
			name = Debug;
		};
		A4C503661E741BA200E1F149 /* Release */ = {
			isa = XCBuildConfiguration;
			baseConfigurationReference = 60A34AB7D1FE4AD58CA37B25 /* Pods-TodoList.release.xcconfig */;
			buildSettings = {
				ASSETCATALOG_COMPILER_APPICON_NAME = AppIcon;
				DEVELOPMENT_TEAM = 6V373BY4WV;
				INFOPLIST_FILE = TodoList/Info.plist;
				LD_RUNPATH_SEARCH_PATHS = "$(inherited) @executable_path/Frameworks";
				PRODUCT_BUNDLE_IDENTIFIER = gyuwon.TodoList;
				PRODUCT_NAME = "$(TARGET_NAME)";
				SWIFT_VERSION = 3.0;
			};
			name = Release;
		};
		A4C503681E741BA200E1F149 /* Debug */ = {
			isa = XCBuildConfiguration;
			baseConfigurationReference = 2FEF863441818AD5AA859010 /* Pods-TodoListTests.debug.xcconfig */;
			buildSettings = {
				ALWAYS_EMBED_SWIFT_STANDARD_LIBRARIES = YES;
				BUNDLE_LOADER = "$(TEST_HOST)";
				DEVELOPMENT_TEAM = 6V373BY4WV;
				INFOPLIST_FILE = TodoListTests/Info.plist;
				LD_RUNPATH_SEARCH_PATHS = "$(inherited) @executable_path/Frameworks @loader_path/Frameworks";
				PRODUCT_BUNDLE_IDENTIFIER = gyuwon.TodoListTests;
				PRODUCT_NAME = "$(TARGET_NAME)";
				SWIFT_VERSION = 3.0;
				TEST_HOST = "$(BUILT_PRODUCTS_DIR)/TodoList.app/TodoList";
			};
			name = Debug;
		};
		A4C503691E741BA200E1F149 /* Release */ = {
			isa = XCBuildConfiguration;
			baseConfigurationReference = 2D797FAE6A9956E1441B2798 /* Pods-TodoListTests.release.xcconfig */;
			buildSettings = {
				ALWAYS_EMBED_SWIFT_STANDARD_LIBRARIES = YES;
				BUNDLE_LOADER = "$(TEST_HOST)";
				DEVELOPMENT_TEAM = 6V373BY4WV;
				INFOPLIST_FILE = TodoListTests/Info.plist;
				LD_RUNPATH_SEARCH_PATHS = "$(inherited) @executable_path/Frameworks @loader_path/Frameworks";
				PRODUCT_BUNDLE_IDENTIFIER = gyuwon.TodoListTests;
				PRODUCT_NAME = "$(TARGET_NAME)";
				SWIFT_VERSION = 3.0;
				TEST_HOST = "$(BUILT_PRODUCTS_DIR)/TodoList.app/TodoList";
			};
			name = Release;
		};
		A4C5036B1E741BA200E1F149 /* Debug */ = {
			isa = XCBuildConfiguration;
			baseConfigurationReference = D59ADD2DB44AE377C68590B3 /* Pods-TodoListUITests.debug.xcconfig */;
			buildSettings = {
				ALWAYS_EMBED_SWIFT_STANDARD_LIBRARIES = YES;
				DEVELOPMENT_TEAM = 6V373BY4WV;
				INFOPLIST_FILE = TodoListUITests/Info.plist;
				LD_RUNPATH_SEARCH_PATHS = "$(inherited) @executable_path/Frameworks @loader_path/Frameworks";
				PRODUCT_BUNDLE_IDENTIFIER = gyuwon.TodoListUITests;
				PRODUCT_NAME = "$(TARGET_NAME)";
				SWIFT_VERSION = 3.0;
				TEST_TARGET_NAME = TodoList;
			};
			name = Debug;
		};
		A4C5036C1E741BA200E1F149 /* Release */ = {
			isa = XCBuildConfiguration;
			baseConfigurationReference = 1F05CF88C2D4591B3EA080E1 /* Pods-TodoListUITests.release.xcconfig */;
			buildSettings = {
				ALWAYS_EMBED_SWIFT_STANDARD_LIBRARIES = YES;
				DEVELOPMENT_TEAM = 6V373BY4WV;
				INFOPLIST_FILE = TodoListUITests/Info.plist;
				LD_RUNPATH_SEARCH_PATHS = "$(inherited) @executable_path/Frameworks @loader_path/Frameworks";
				PRODUCT_BUNDLE_IDENTIFIER = gyuwon.TodoListUITests;
				PRODUCT_NAME = "$(TARGET_NAME)";
				SWIFT_VERSION = 3.0;
				TEST_TARGET_NAME = TodoList;
			};
			name = Release;
		};
/* End XCBuildConfiguration section */

/* Begin XCConfigurationList section */
		A4C503351E741BA200E1F149 /* Build configuration list for PBXProject "TodoList" */ = {
			isa = XCConfigurationList;
			buildConfigurations = (
				A4C503621E741BA200E1F149 /* Debug */,
				A4C503631E741BA200E1F149 /* Release */,
			);
			defaultConfigurationIsVisible = 0;
			defaultConfigurationName = Release;
		};
		A4C503641E741BA200E1F149 /* Build configuration list for PBXNativeTarget "TodoList" */ = {
			isa = XCConfigurationList;
			buildConfigurations = (
				A4C503651E741BA200E1F149 /* Debug */,
				A4C503661E741BA200E1F149 /* Release */,
			);
			defaultConfigurationIsVisible = 0;
			defaultConfigurationName = Release;
		};
		A4C503671E741BA200E1F149 /* Build configuration list for PBXNativeTarget "TodoListTests" */ = {
			isa = XCConfigurationList;
			buildConfigurations = (
				A4C503681E741BA200E1F149 /* Debug */,
				A4C503691E741BA200E1F149 /* Release */,
			);
			defaultConfigurationIsVisible = 0;
			defaultConfigurationName = Release;
		};
		A4C5036A1E741BA200E1F149 /* Build configuration list for PBXNativeTarget "TodoListUITests" */ = {
			isa = XCConfigurationList;
			buildConfigurations = (
				A4C5036B1E741BA200E1F149 /* Debug */,
				A4C5036C1E741BA200E1F149 /* Release */,
			);
			defaultConfigurationIsVisible = 0;
			defaultConfigurationName = Release;
		};
/* End XCConfigurationList section */
	};
	rootObject = A4C503321E741BA200E1F149 /* Project object */;
}
